
Microsoft Visual Studio Solution File, Format Version 12.00
# Visual Studio Version 16
VisualStudioVersion = 16.0.30907.101
MinimumVisualStudioVersion = 10.0.40219.1
Project("{FAE04EC0-301F-11D3-BF4B-00C04F79EFBC}") = "kiniaawiBooks", "kiniaawiBooks\kiniaawiBooks.csproj", "{87BBF847-C69E-425F-A940-9B2E1C2BD346}"
EndProject
Global
	GlobalSection(SolutionConfigurationPlatforms) = preSolution
		Debug|Any CPU = Debug|Any CPU
		Release|Any CPU = Release|Any CPU
	EndGlobalSection
	GlobalSection(ProjectConfigurationPlatforms) = postSolution
		{87BBF847-C69E-425F-A940-9B2E1C2BD346}.Debug|Any CPU.ActiveCfg = Debug|Any CPU
		{87BBF847-C69E-425F-A940-9B2E1C2BD346}.Debug|Any CPU.Build.0 = Debug|Any CPU
		{87BBF847-C69E-425F-A940-9B2E1C2BD346}.Release|Any CPU.ActiveCfg = Release|Any CPU
		{87BBF847-C69E-425F-A940-9B2E1C2BD346}.Release|Any CPU.Build.0 = Release|Any CPU
	EndGlobalSection
	GlobalSection(SolutionProperties) = preSolution
		HideSolutionNode = FALSE
	EndGlobalSection
	GlobalSection(ExtensibilityGlobals) = postSolution
		SolutionGuid = {F9A6276D-4A88-462F-BBD4-9AEC3E81C654}
	EndGlobalSection
EndGlobal
